{
  "object": {
    "pins": [
      {
        "package": "cmark",
        "repositoryURL": "https://github.com/brokenhandsio/cmark-gfm.git",
        "state": {
          "branch": null,
          "revision": "351e5cb1bc6a43567b8ff9b9b3f7357c58bdda83",
          "version": "1.0.1"
        }
      },
      {
        "package": "SwiftMarkdown",
        "repositoryURL": "https://github.com/vapor-community/markdown.git",
        "state": {
          "branch": null,
          "revision": "aea4876786fa284f6d86af1ce3436a17e22035b5",
          "version": "0.4.0"
        }
      },
      {
        "package": "Yams",
        "repositoryURL": "https://github.com/jpsim/Yams.git",
        "state": {
          "branch": null,
          "revision": "c947a306d2e80ecb2c0859047b35c73b8e1ca27f",
          "version": "2.0.0"
        }
      }
    ]
  },
  "version": 1
}
